
Microsoft Visual Studio Solution File, Format Version 12.00
# Visual Studio 15
VisualStudioVersion = 15.0.27130.2027
MinimumVisualStudioVersion = 10.0.40219.1
Project("{FAE04EC0-301F-11D3-BF4B-00C04F79EFBC}") = "DotNetOne3", "DotNetOne3\DotNetOne3.csproj", "{43A151DB-901C-4222-95A4-A9850FA313E1}"
EndProject
Global
	GlobalSection(SolutionConfigurationPlatforms) = preSolution
		Debug|Any CPU = Debug|Any CPU
		Release|Any CPU = Release|Any CPU
	EndGlobalSection
	GlobalSection(ProjectConfigurationPlatforms) = postSolution
		{43A151DB-901C-4222-95A4-A9850FA313E1}.Debug|Any CPU.ActiveCfg = Debug|Any CPU
		{43A151DB-901C-4222-95A4-A9850FA313E1}.Debug|Any CPU.Build.0 = Debug|Any CPU
		{43A151DB-901C-4222-95A4-A9850FA313E1}.Release|Any CPU.ActiveCfg = Release|Any CPU
		{43A151DB-901C-4222-95A4-A9850FA313E1}.Release|Any CPU.Build.0 = Release|Any CPU
	EndGlobalSection
	GlobalSection(SolutionProperties) = preSolution
		HideSolutionNode = FALSE
	EndGlobalSection
	GlobalSection(ExtensibilityGlobals) = postSolution
		SolutionGuid = {7398ED57-3B56-4334-8938-4C07C2A2C03A}
	EndGlobalSection
EndGlobal
